// !$*UTF8*$!
{
	archiveVersion = 1;
	classes = {
	};
	objectVersion = 46;
	objects = {

/* Begin PBXBuildFile section */
		654005CD1BD4729500DC9E20 /* main.m in Sources */ = {isa = PBXBuildFile; fileRef = 654005CC1BD4729500DC9E20 /* main.m */; };
		654005D01BD4729500DC9E20 /* AppDelegate.m in Sources */ = {isa = PBXBuildFile; fileRef = 654005CF1BD4729500DC9E20 /* AppDelegate.m */; };
		654005D31BD4729500DC9E20 /* ViewController.m in Sources */ = {isa = PBXBuildFile; fileRef = 654005D21BD4729500DC9E20 /* ViewController.m */; };
		654005D61BD4729500DC9E20 /* Main.storyboard in Resources */ = {isa = PBXBuildFile; fileRef = 654005D41BD4729500DC9E20 /* Main.storyboard */; };
		654005D81BD4729500DC9E20 /* Assets.xcassets in Resources */ = {isa = PBXBuildFile; fileRef = 654005D71BD4729500DC9E20 /* Assets.xcassets */; };
		654005DB1BD4729500DC9E20 /* LaunchScreen.storyboard in Resources */ = {isa = PBXBuildFile; fileRef = 654005D91BD4729500DC9E20 /* LaunchScreen.storyboard */; };
/* End PBXBuildFile section */

/* Begin PBXFileReference section */
		654005C81BD4729500DC9E20 /* Acrofind.app */ = {isa = PBXFileReference; explicitFileType = wrapper.application; includeInIndex = 0; path = Acrofind.app; sourceTree = BUILT_PRODUCTS_DIR; };
		654005CC1BD4729500DC9E20 /* main.m */ = {isa = PBXFileReference; lastKnownFileType = sourcecode.c.objc; path = main.m; sourceTree = "<group>"; };
		654005CE1BD4729500DC9E20 /* AppDelegate.h */ = {isa = PBXFileReference; lastKnownFileType = sourcecode.c.h; path = AppDelegate.h; sourceTree = "<group>"; };
		654005CF1BD4729500DC9E20 /* AppDelegate.m */ = {isa = PBXFileReference; lastKnownFileType = sourcecode.c.objc; path = AppDelegate.m; sourceTree = "<group>"; };
		654005D11BD4729500DC9E20 /* ViewController.h */ = {isa = PBXFileReference; lastKnownFileType = sourcecode.c.h; path = ViewController.h; sourceTree = "<group>"; };
		654005D21BD4729500DC9E20 /* ViewController.m */ = {isa = PBXFileReference; lastKnownFileType = sourcecode.c.objc; path = ViewController.m; sourceTree = "<group>"; };
		654005D51BD4729500DC9E20 /* Base */ = {isa = PBXFileReference; lastKnownFileType = file.storyboard; name = Base; path = Base.lproj/Main.storyboard; sourceTree = "<group>"; };
		654005D71BD4729500DC9E20 /* Assets.xcassets */ = {isa = PBXFileReference; lastKnownFileType = folder.assetcatalog; path = Assets.xcassets; sourceTree = "<group>"; };
		654005DA1BD4729500DC9E20 /* Base */ = {isa = PBXFileReference; lastKnownFileType = file.storyboard; name = Base; path = Base.lproj/LaunchScreen.storyboard; sourceTree = "<group>"; };
		654005DC1BD4729500DC9E20 /* Info.plist */ = {isa = PBXFileReference; lastKnownFileType = text.plist.xml; path = Info.plist; sourceTree = "<group>"; };
/* End PBXFileReference section */

/* Begin PBXFrameworksBuildPhase section */
		654005C51BD4729500DC9E20 /* Frameworks */ = {
			isa = PBXFrameworksBuildPhase;
			buildActionMask = 2147483647;
			files = (
			);
			runOnlyForDeploymentPostprocessing = 0;
		};
/* End PBXFrameworksBuildPhase section */

/* Begin PBXGroup section */
		654005BF1BD4729500DC9E20 = {
			isa = PBXGroup;
			children = (
				654005CA1BD4729500DC9E20 /* Acrofind */,
				654005C91BD4729500DC9E20 /* Products */,
			);
			sourceTree = "<group>";
		};
		654005C91BD4729500DC9E20 /* Products */ = {
			isa = PBXGroup;
			children = (
				654005C81BD4729500DC9E20 /* Acrofind.app */,
			);
			name = Products;
			sourceTree = "<group>";
		};
		654005CA1BD4729500DC9E20 /* Acrofind */ = {
			isa = PBXGroup;
			children = (
				654005CE1BD4729500DC9E20 /* AppDelegate.h */,
				654005CF1BD4729500DC9E20 /* AppDelegate.m */,
				654005D11BD4729500DC9E20 /* ViewController.h */,
				654005D21BD4729500DC9E20 /* ViewController.m */,
				654005D41BD4729500DC9E20 /* Main.storyboard */,
				654005D71BD4729500DC9E20 /* Assets.xcassets */,
				654005D91BD4729500DC9E20 /* LaunchScreen.storyboard */,
				654005DC1BD4729500DC9E20 /* Info.plist */,
				654005CB1BD4729500DC9E20 /* Supporting Files */,
			);
			path = Acrofind;
			sourceTree = "<group>";
		};
		654005CB1BD4729500DC9E20 /* Supporting Files */ = {
			isa = PBXGroup;
			children = (
				654005CC1BD4729500DC9E20 /* main.m */,
			);
			name = "Supporting Files";
			sourceTree = "<group>";
		};
/* End PBXGroup section */

/* Begin PBXNativeTarget section */
		654005C71BD4729500DC9E20 /* Acrofind */ = {
			isa = PBXNativeTarget;
			buildConfigurationList = 654005DF1BD4729500DC9E20 /* Build configuration list for PBXNativeTarget "Acrofind" */;
			buildPhases = (
				654005C41BD4729500DC9E20 /* Sources */,
				654005C51BD4729500DC9E20 /* Frameworks */,
				654005C61BD4729500DC9E20 /* Resources */,
			);
			buildRules = (
			);
			dependencies = (
			);
			name = Acrofind;
			productName = Acrofind;
			productReference = 654005C81BD4729500DC9E20 /* Acrofind.app */;
			productType = "com.apple.product-type.application";
		};
/* End PBXNativeTarget section */

/* Begin PBXProject section */
		654005C01BD4729500DC9E20 /* Project object */ = {
			isa = PBXProject;
			attributes = {
				LastUpgradeCheck = 0710;
				ORGANIZATIONNAME = "Phanidhar Mothukuri";
				TargetAttributes = {
					654005C71BD4729500DC9E20 = {
						CreatedOnToolsVersion = 7.1;
						DevelopmentTeam = 37B52A7C8S;
					};
				};
			};
			buildConfigurationList = 654005C31BD4729500DC9E20 /* Build configuration list for PBXProject "Acrofind" */;
			compatibilityVersion = "Xcode 3.2";
			developmentRegion = English;
			hasScannedForEncodings = 0;
			knownRegions = (
				en,
				Base,
			);
			mainGroup = 654005BF1BD4729500DC9E20;
			productRefGroup = 654005C91BD4729500DC9E20 /* Products */;
			projectDirPath = "";
			projectRoot = "";
			targets = (
				654005C71BD4729500DC9E20 /* Acrofind */,
			);
		};
/* End PBXProject section */

/* Begin PBXResourcesBuildPhase section */
		654005C61BD4729500DC9E20 /* Resources */ = {
			isa = PBXResourcesBuildPhase;
			buildActionMask = 2147483647;
			files = (
				654005DB1BD4729500DC9E20 /* LaunchScreen.storyboard in Resources */,
				654005D81BD4729500DC9E20 /* Assets.xcassets in Resources */,
				654005D61BD4729500DC9E20 /* Main.storyboard in Resources */,
			);
			runOnlyForDeploymentPostprocessing = 0;
		};
/* End PBXResourcesBuildPhase section */

/* Begin PBXSourcesBuildPhase section */
		654005C41BD4729500DC9E20 /* Sources */ = {
			isa = PBXSourcesBuildPhase;
			buildActionMask = 2147483647;
			files = (
				654005D31BD4729500DC9E20 /* ViewController.m in Sources */,
				654005D01BD4729500DC9E20 /* AppDelegate.m in Sources */,
				654005CD1BD4729500DC9E20 /* main.m in Sources */,
			);
			runOnlyForDeploymentPostprocessing = 0;
		};
/* End PBXSourcesBuildPhase section */

/* Begin PBXVariantGroup section */
		654005D41BD4729500DC9E20 /* Main.storyboard */ = {
			isa = PBXVariantGroup;
			children = (
				654005D51BD4729500DC9E20 /* Base */,
			);
			name = Main.storyboard;
			sourceTree = "<group>";
		};
		654005D91BD4729500DC9E20 /* LaunchScreen.storyboard */ = {
			isa = PBXVariantGroup;
			children = (
				654005DA1BD4729500DC9E20 /* Base */,
			);
			name = LaunchScreen.storyboard;
			sourceTree = "<group>";
		};
/* End PBXVariantGroup section */

/* Begin XCBuildConfiguration section */
		654005DD1BD4729500DC9E20 /* Debug */ = {
			isa = XCBuildConfiguration;
			buildSettings = {
				ALWAYS_SEARCH_USER_PATHS = NO;
				CLANG_CXX_LANGUAGE_STANDARD = "gnu++0x";
				CLANG_CXX_LIBRARY = "libc++";
				CLANG_ENABLE_MODULES = YES;
				CLANG_ENABLE_OBJC_ARC = YES;
				CLANG_WARN_BOOL_CONVERSION = YES;
				CLANG_WARN_CONSTANT_CONVERSION = YES;
				CLANG_WARN_DIRECT_OBJC_ISA_USAGE = YES_ERROR;
				CLANG_WARN_EMPTY_BODY = YES;
				CLANG_WARN_ENUM_CONVERSION = YES;
				CLANG_WARN_INT_CONVERSION = YES;
				CLANG_WARN_OBJC_ROOT_CLASS = YES_ERROR;
				CLANG_WARN_UNREACHABLE_CODE = YES;
				CLANG_WARN__DUPLICATE_METHOD_MATCH = YES;
				"CODE_SIGN_IDENTITY[sdk=iphoneos*]" = "iPhone Developer";
				COPY_PHASE_STRIP = NO;
				DEBUG_INFORMATION_FORMAT = dwarf;
				ENABLE_STRICT_OBJC_MSGSEND = YES;
				ENABLE_TESTABILITY = YES;
				GCC_C_LANGUAGE_STANDARD = gnu99;
				GCC_DYNAMIC_NO_PIC = NO;
				GCC_NO_COMMON_BLOCKS = YES;
				GCC_OPTIMIZATION_LEVEL = 0;
				GCC_PREPROCESSOR_DEFINITIONS = (
					"DEBUG=1",
					"$(inherited)",
				);
				GCC_WARN_64_TO_32_BIT_CONVERSION = YES;
				GCC_WARN_ABOUT_RETURN_TYPE = YES_ERROR;
				GCC_WARN_UNDECLARED_SELECTOR = YES;
				GCC_WARN_UNINITIALIZED_AUTOS = YES_AGGRESSIVE;
				GCC_WARN_UNUSED_FUNCTION = YES;
				GCC_WARN_UNUSED_VARIABLE = YES;
				IPHONEOS_DEPLOYMENT_TARGET = 9.1;
				MTL_ENABLE_DEBUG_INFO = YES;
				ONLY_ACTIVE_ARCH = YES;
				SDKROOT = iphoneos;
				TARGETED_DEVICE_FAMILY = "1,2";
			};
			name = Debug;
		};
		654005DE1BD4729500DC9E20 /* Release */ = {
			isa = XCBuildConfiguration;
			buildSettings = {
				ALWAYS_SEARCH_USER_PATHS = NO;
				CLANG_CXX_LANGUAGE_STANDARD = "gnu++0x";
				CLANG_CXX_LIBRARY = "libc++";
				CLANG_ENABLE_MODULES = YES;
				CLANG_ENABLE_OBJC_ARC = YES;
				CLANG_WARN_BOOL_CONVERSION = YES;
				CLANG_WARN_CONSTANT_CONVERSION = YES;
				CLANG_WARN_DIRECT_OBJC_ISA_USAGE = YES_ERROR;
				CLANG_WARN_EMPTY_BODY = YES;
				CLANG_WARN_ENUM_CONVERSION = YES;
				CLANG_WARN_INT_CONVERSION = YES;
				CLANG_WARN_OBJC_ROOT_CLASS = YES_ERROR;
				CLANG_WARN_UNREACHABLE_CODE = YES;
				CLANG_WARN__DUPLICATE_METHOD_MATCH = YES;
				"CODE_SIGN_IDENTITY[sdk=iphoneos*]" = "iPhone Developer";
				COPY_PHASE_STRIP = NO;
				DEBUG_INFORMATION_FORMAT = "dwarf-with-dsym";
				ENABLE_NS_ASSERTIONS = NO;
				ENABLE_STRICT_OBJC_MSGSEND = YES;
				GCC_C_LANGUAGE_STANDARD = gnu99;
				GCC_NO_COMMON_BLOCKS = YES;
				GCC_WARN_64_TO_32_BIT_CONVERSION = YES;
				GCC_WARN_ABOUT_RETURN_TYPE = YES_ERROR;
				GCC_WARN_UNDECLARED_SELECTOR = YES;
				GCC_WARN_UNINITIALIZED_AUTOS = YES_AGGRESSIVE;
				GCC_WARN_UNUSED_FUNCTION = YES;
				GCC_WARN_UNUSED_VARIABLE = YES;
				IPHONEOS_DEPLOYMENT_TARGET = 9.1;
				MTL_ENABLE_DEBUG_INFO = NO;
				SDKROOT = iphoneos;
				TARGETED_DEVICE_FAMILY = "1,2";
				VALIDATE_PRODUCT = YES;
			};
			name = Release;
		};
		654005E01BD4729500DC9E20 /* Debug */ = {
			isa = XCBuildConfiguration;
			buildSettings = {
				ASSETCATALOG_COMPILER_APPICON_NAME = AppIcon;
				INFOPLIST_FILE = Acrofind/Info.plist;
				LD_RUNPATH_SEARCH_PATHS = "$(inherited) @executable_path/Frameworks";
				PRODUCT_BUNDLE_IDENTIFIER = "Phanidhar-Mothukuri.Acrofind";
				PRODUCT_NAME = "$(TARGET_NAME)";
			};
			name = Debug;
		};
		654005E11BD4729500DC9E20 /* Release */ = {
			isa = XCBuildConfiguration;
			buildSettings = {
				ASSETCATALOG_COMPILER_APPICON_NAME = AppIcon;
				INFOPLIST_FILE = Acrofind/Info.plist;
				LD_RUNPATH_SEARCH_PATHS = "$(inherited) @executable_path/Frameworks";
				PRODUCT_BUNDLE_IDENTIFIER = "Phanidhar-Mothukuri.Acrofind";
				PRODUCT_NAME = "$(TARGET_NAME)";
			};
			name = Release;
		};
/* End XCBuildConfiguration section */

/* Begin XCConfigurationList section */
		654005C31BD4729500DC9E20 /* Build configuration list for PBXProject "Acrofind" */ = {
			isa = XCConfigurationList;
			buildConfigurations = (
				654005DD1BD4729500DC9E20 /* Debug */,
				654005DE1BD4729500DC9E20 /* Release */,
			);
			defaultConfigurationIsVisible = 0;
			defaultConfigurationName = Release;
		};
		654005DF1BD4729500DC9E20 /* Build configuration list for PBXNativeTarget "Acrofind" */ = {
			isa = XCConfigurationList;
			buildConfigurations = (
				654005E01BD4729500DC9E20 /* Debug */,
				654005E11BD4729500DC9E20 /* Release */,
			);
			defaultConfigurationIsVisible = 0;
		};
/* End XCConfigurationList section */
	};
	rootObject = 654005C01BD4729500DC9E20 /* Project object */;
}
